// !$*UTF8*$!
{
	archiveVersion = 1;
	classes = {
	};
	objectVersion = 46;
	objects = {

/* Begin PBXBuildFile section */
		4C30FAF01C936172008C3331 /* AppDelegate.swift in Sources */ = {isa = PBXBuildFile; fileRef = 4C30FAEF1C936172008C3331 /* AppDelegate.swift */; };
		4C30FAF51C936172008C3331 /* Main.storyboard in Resources */ = {isa = PBXBuildFile; fileRef = 4C30FAF31C936172008C3331 /* Main.storyboard */; };
		4C30FAF71C936172008C3331 /* Assets.xcassets in Resources */ = {isa = PBXBuildFile; fileRef = 4C30FAF61C936172008C3331 /* Assets.xcassets */; };
		4C30FAFA1C936172008C3331 /* LaunchScreen.storyboard in Resources */ = {isa = PBXBuildFile; fileRef = 4C30FAF81C936172008C3331 /* LaunchScreen.storyboard */; };
		4C30FB101C937256008C3331 /* StartViewController.swift in Sources */ = {isa = PBXBuildFile; fileRef = 4C30FB0F1C937256008C3331 /* StartViewController.swift */; };
		4C30FB121C93760D008C3331 /* ReposViewController.swift in Sources */ = {isa = PBXBuildFile; fileRef = 4C30FB111C93760D008C3331 /* ReposViewController.swift */; };
		4C7EBCD41C9DBB5C00F53287 /* PlainTableDataSource.swift in Sources */ = {isa = PBXBuildFile; fileRef = 4C7EBCD31C9DBB5C00F53287 /* PlainTableDataSource.swift */; };
		4C7EBCD61C9DD76700F53287 /* RepoDetailViewController.swift in Sources */ = {isa = PBXBuildFile; fileRef = 4C7EBCD51C9DD76700F53287 /* RepoDetailViewController.swift */; };
		4CDF3B451C95B2A1001E8323 /* GitHubUser.swift in Sources */ = {isa = PBXBuildFile; fileRef = 4CDF3B441C95B2A1001E8323 /* GitHubUser.swift */; };
		4CDF3B481C95C35F001E8323 /* GitHubAPI.swift in Sources */ = {isa = PBXBuildFile; fileRef = 4CDF3B471C95C35F001E8323 /* GitHubAPI.swift */; };
		4CFBC2E21C9B219700B9C28F /* GitHubRepository.swift in Sources */ = {isa = PBXBuildFile; fileRef = 4CFBC2E11C9B219700B9C28F /* GitHubRepository.swift */; };
/* End PBXBuildFile section */

/* Begin PBXFileReference section */
		4C30FAEC1C936172008C3331 /* GitHubClientChallenge.app */ = {isa = PBXFileReference; explicitFileType = wrapper.application; includeInIndex = 0; path = GitHubClientChallenge.app; sourceTree = BUILT_PRODUCTS_DIR; };
		4C30FAEF1C936172008C3331 /* AppDelegate.swift */ = {isa = PBXFileReference; lastKnownFileType = sourcecode.swift; path = AppDelegate.swift; sourceTree = "<group>"; };
		4C30FAF41C936172008C3331 /* Base */ = {isa = PBXFileReference; lastKnownFileType = file.storyboard; name = Base; path = Base.lproj/Main.storyboard; sourceTree = "<group>"; };
		4C30FAF61C936172008C3331 /* Assets.xcassets */ = {isa = PBXFileReference; lastKnownFileType = folder.assetcatalog; path = Assets.xcassets; sourceTree = "<group>"; };
		4C30FAF91C936172008C3331 /* Base */ = {isa = PBXFileReference; lastKnownFileType = file.storyboard; name = Base; path = Base.lproj/LaunchScreen.storyboard; sourceTree = "<group>"; };
		4C30FAFB1C936172008C3331 /* Info.plist */ = {isa = PBXFileReference; lastKnownFileType = text.plist.xml; path = Info.plist; sourceTree = "<group>"; };
		4C30FB0F1C937256008C3331 /* StartViewController.swift */ = {isa = PBXFileReference; fileEncoding = 4; lastKnownFileType = sourcecode.swift; path = StartViewController.swift; sourceTree = "<group>"; };
		4C30FB111C93760D008C3331 /* ReposViewController.swift */ = {isa = PBXFileReference; fileEncoding = 4; lastKnownFileType = sourcecode.swift; path = ReposViewController.swift; sourceTree = "<group>"; };
		4C7EBCD31C9DBB5C00F53287 /* PlainTableDataSource.swift */ = {isa = PBXFileReference; fileEncoding = 4; lastKnownFileType = sourcecode.swift; path = PlainTableDataSource.swift; sourceTree = "<group>"; };
		4C7EBCD51C9DD76700F53287 /* RepoDetailViewController.swift */ = {isa = PBXFileReference; fileEncoding = 4; lastKnownFileType = sourcecode.swift; path = RepoDetailViewController.swift; sourceTree = "<group>"; };
		4CDF3B441C95B2A1001E8323 /* GitHubUser.swift */ = {isa = PBXFileReference; fileEncoding = 4; lastKnownFileType = sourcecode.swift; path = GitHubUser.swift; sourceTree = "<group>"; };
		4CDF3B471C95C35F001E8323 /* GitHubAPI.swift */ = {isa = PBXFileReference; fileEncoding = 4; lastKnownFileType = sourcecode.swift; path = GitHubAPI.swift; sourceTree = "<group>"; };
		4CFBC2E11C9B219700B9C28F /* GitHubRepository.swift */ = {isa = PBXFileReference; fileEncoding = 4; lastKnownFileType = sourcecode.swift; path = GitHubRepository.swift; sourceTree = "<group>"; };
/* End PBXFileReference section */

/* Begin PBXFrameworksBuildPhase section */
		4C30FAE91C936172008C3331 /* Frameworks */ = {
			isa = PBXFrameworksBuildPhase;
			buildActionMask = 2147483647;
			files = (
			);
			runOnlyForDeploymentPostprocessing = 0;
		};
/* End PBXFrameworksBuildPhase section */

/* Begin PBXGroup section */
		4C30FAE31C936171008C3331 = {
			isa = PBXGroup;
			children = (
				4C30FAEE1C936172008C3331 /* GitHubClientChallenge */,
				4C30FAED1C936172008C3331 /* Products */,
			);
			sourceTree = "<group>";
		};
		4C30FAED1C936172008C3331 /* Products */ = {
			isa = PBXGroup;
			children = (
				4C30FAEC1C936172008C3331 /* GitHubClientChallenge.app */,
			);
			name = Products;
			sourceTree = "<group>";
		};
		4C30FAEE1C936172008C3331 /* GitHubClientChallenge */ = {
			isa = PBXGroup;
			children = (
				4C30FB131C937985008C3331 /* Classes */,
				4CDF3B461C95B2B4001E8323 /* Structs */,
				4C30FB141C9379BB008C3331 /* Interface */,
				4C30FAF61C936172008C3331 /* Assets.xcassets */,
				4C30FAFB1C936172008C3331 /* Info.plist */,
			);
			path = GitHubClientChallenge;
			sourceTree = "<group>";
		};
		4C30FB131C937985008C3331 /* Classes */ = {
			isa = PBXGroup;
			children = (
				4C30FAEF1C936172008C3331 /* AppDelegate.swift */,
				4C7EBCD71C9DFF2300F53287 /* Controller */,
				4C7EBCD31C9DBB5C00F53287 /* PlainTableDataSource.swift */,
			);
			name = Classes;
			sourceTree = "<group>";
		};
		4C30FB141C9379BB008C3331 /* Interface */ = {
			isa = PBXGroup;
			children = (
				4C30FAF81C936172008C3331 /* LaunchScreen.storyboard */,
				4C30FAF31C936172008C3331 /* Main.storyboard */,
			);
			name = Interface;
			sourceTree = "<group>";
		};
		4C7EBCD71C9DFF2300F53287 /* Controller */ = {
			isa = PBXGroup;
			children = (
				4C7EBCD51C9DD76700F53287 /* RepoDetailViewController.swift */,
				4C30FB111C93760D008C3331 /* ReposViewController.swift */,
				4C30FB0F1C937256008C3331 /* StartViewController.swift */,
			);
			name = Controller;
			sourceTree = "<group>";
		};
		4C7EBCD81C9DFF5C00F53287 /* Modell */ = {
			isa = PBXGroup;
			children = (
				4CFBC2E11C9B219700B9C28F /* GitHubRepository.swift */,
				4CDF3B441C95B2A1001E8323 /* GitHubUser.swift */,
			);
			name = Modell;
			sourceTree = "<group>";
		};
		4CDF3B461C95B2B4001E8323 /* Structs */ = {
			isa = PBXGroup;
			children = (
				4CDF3B471C95C35F001E8323 /* GitHubAPI.swift */,
				4C7EBCD81C9DFF5C00F53287 /* Modell */,
			);
			name = Structs;
			sourceTree = "<group>";
		};
/* End PBXGroup section */

/* Begin PBXNativeTarget section */
		4C30FAEB1C936172008C3331 /* GitHubClientChallenge */ = {
			isa = PBXNativeTarget;
			buildConfigurationList = 4C30FB091C936172008C3331 /* Build configuration list for PBXNativeTarget "GitHubClientChallenge" */;
			buildPhases = (
				4C30FAE81C936172008C3331 /* Sources */,
				4C30FAE91C936172008C3331 /* Frameworks */,
				4C30FAEA1C936172008C3331 /* Resources */,
			);
			buildRules = (
			);
			dependencies = (
			);
			name = GitHubClientChallenge;
			productName = GitHubClientChallenge;
			productReference = 4C30FAEC1C936172008C3331 /* GitHubClientChallenge.app */;
			productType = "com.apple.product-type.application";
		};
/* End PBXNativeTarget section */

/* Begin PBXProject section */
		4C30FAE41C936171008C3331 /* Project object */ = {
			isa = PBXProject;
			attributes = {
				LastSwiftUpdateCheck = 0720;
				LastUpgradeCheck = 0720;
				ORGANIZATIONNAME = "Michael Fenske";
				TargetAttributes = {
					4C30FAEB1C936172008C3331 = {
						CreatedOnToolsVersion = 7.2.1;
					};
				};
			};
			buildConfigurationList = 4C30FAE71C936171008C3331 /* Build configuration list for PBXProject "GitHubClientChallenge" */;
			compatibilityVersion = "Xcode 3.2";
			developmentRegion = English;
			hasScannedForEncodings = 0;
			knownRegions = (
				en,
				Base,
			);
			mainGroup = 4C30FAE31C936171008C3331;
			productRefGroup = 4C30FAED1C936172008C3331 /* Products */;
			projectDirPath = "";
			projectRoot = "";
			targets = (
				4C30FAEB1C936172008C3331 /* GitHubClientChallenge */,
			);
		};
/* End PBXProject section */

/* Begin PBXResourcesBuildPhase section */
		4C30FAEA1C936172008C3331 /* Resources */ = {
			isa = PBXResourcesBuildPhase;
			buildActionMask = 2147483647;
			files = (
				4C30FAFA1C936172008C3331 /* LaunchScreen.storyboard in Resources */,
				4C30FAF71C936172008C3331 /* Assets.xcassets in Resources */,
				4C30FAF51C936172008C3331 /* Main.storyboard in Resources */,
			);
			runOnlyForDeploymentPostprocessing = 0;
		};
/* End PBXResourcesBuildPhase section */

/* Begin PBXSourcesBuildPhase section */
		4C30FAE81C936172008C3331 /* Sources */ = {
			isa = PBXSourcesBuildPhase;
			buildActionMask = 2147483647;
			files = (
				4CFBC2E21C9B219700B9C28F /* GitHubRepository.swift in Sources */,
				4C7EBCD61C9DD76700F53287 /* RepoDetailViewController.swift in Sources */,
				4C7EBCD41C9DBB5C00F53287 /* PlainTableDataSource.swift in Sources */,
				4C30FB121C93760D008C3331 /* ReposViewController.swift in Sources */,
				4CDF3B451C95B2A1001E8323 /* GitHubUser.swift in Sources */,
				4C30FAF01C936172008C3331 /* AppDelegate.swift in Sources */,
				4CDF3B481C95C35F001E8323 /* GitHubAPI.swift in Sources */,
				4C30FB101C937256008C3331 /* StartViewController.swift in Sources */,
			);
			runOnlyForDeploymentPostprocessing = 0;
		};
/* End PBXSourcesBuildPhase section */

/* Begin PBXVariantGroup section */
		4C30FAF31C936172008C3331 /* Main.storyboard */ = {
			isa = PBXVariantGroup;
			children = (
				4C30FAF41C936172008C3331 /* Base */,
			);
			name = Main.storyboard;
			sourceTree = "<group>";
		};
		4C30FAF81C936172008C3331 /* LaunchScreen.storyboard */ = {
			isa = PBXVariantGroup;
			children = (
				4C30FAF91C936172008C3331 /* Base */,
			);
			name = LaunchScreen.storyboard;
			sourceTree = "<group>";
		};
/* End PBXVariantGroup section */

/* Begin XCBuildConfiguration section */
		4C30FB071C936172008C3331 /* Debug */ = {
			isa = XCBuildConfiguration;
			buildSettings = {
				ALWAYS_SEARCH_USER_PATHS = NO;
				CLANG_CXX_LANGUAGE_STANDARD = "gnu++0x";
				CLANG_CXX_LIBRARY = "libc++";
				CLANG_ENABLE_MODULES = YES;
				CLANG_ENABLE_OBJC_ARC = YES;
				CLANG_WARN_BOOL_CONVERSION = YES;
				CLANG_WARN_CONSTANT_CONVERSION = YES;
				CLANG_WARN_DIRECT_OBJC_ISA_USAGE = YES_ERROR;
				CLANG_WARN_EMPTY_BODY = YES;
				CLANG_WARN_ENUM_CONVERSION = YES;
				CLANG_WARN_INT_CONVERSION = YES;
				CLANG_WARN_OBJC_ROOT_CLASS = YES_ERROR;
				CLANG_WARN_UNREACHABLE_CODE = YES;
				CLANG_WARN__DUPLICATE_METHOD_MATCH = YES;
				"CODE_SIGN_IDENTITY[sdk=iphoneos*]" = "iPhone Developer";
				COPY_PHASE_STRIP = NO;
				DEBUG_INFORMATION_FORMAT = dwarf;
				ENABLE_STRICT_OBJC_MSGSEND = YES;
				ENABLE_TESTABILITY = YES;
				GCC_C_LANGUAGE_STANDARD = gnu99;
				GCC_DYNAMIC_NO_PIC = NO;
				GCC_NO_COMMON_BLOCKS = YES;
				GCC_OPTIMIZATION_LEVEL = 0;
				GCC_PREPROCESSOR_DEFINITIONS = (
					"DEBUG=1",
					"$(inherited)",
				);
				GCC_WARN_64_TO_32_BIT_CONVERSION = YES;
				GCC_WARN_ABOUT_RETURN_TYPE = YES_ERROR;
				GCC_WARN_UNDECLARED_SELECTOR = YES;
				GCC_WARN_UNINITIALIZED_AUTOS = YES_AGGRESSIVE;
				GCC_WARN_UNUSED_FUNCTION = YES;
				GCC_WARN_UNUSED_VARIABLE = YES;
				IPHONEOS_DEPLOYMENT_TARGET = 9.2;
				MTL_ENABLE_DEBUG_INFO = YES;
				ONLY_ACTIVE_ARCH = YES;
				SDKROOT = iphoneos;
				SWIFT_OPTIMIZATION_LEVEL = "-Onone";
			};
			name = Debug;
		};
		4C30FB081C936172008C3331 /* Release */ = {
			isa = XCBuildConfiguration;
			buildSettings = {
				ALWAYS_SEARCH_USER_PATHS = NO;
				CLANG_CXX_LANGUAGE_STANDARD = "gnu++0x";
				CLANG_CXX_LIBRARY = "libc++";
				CLANG_ENABLE_MODULES = YES;
				CLANG_ENABLE_OBJC_ARC = YES;
				CLANG_WARN_BOOL_CONVERSION = YES;
				CLANG_WARN_CONSTANT_CONVERSION = YES;
				CLANG_WARN_DIRECT_OBJC_ISA_USAGE = YES_ERROR;
				CLANG_WARN_EMPTY_BODY = YES;
				CLANG_WARN_ENUM_CONVERSION = YES;
				CLANG_WARN_INT_CONVERSION = YES;
				CLANG_WARN_OBJC_ROOT_CLASS = YES_ERROR;
				CLANG_WARN_UNREACHABLE_CODE = YES;
				CLANG_WARN__DUPLICATE_METHOD_MATCH = YES;
				"CODE_SIGN_IDENTITY[sdk=iphoneos*]" = "iPhone Developer";
				COPY_PHASE_STRIP = NO;
				DEBUG_INFORMATION_FORMAT = "dwarf-with-dsym";
				ENABLE_NS_ASSERTIONS = NO;
				ENABLE_STRICT_OBJC_MSGSEND = YES;
				GCC_C_LANGUAGE_STANDARD = gnu99;
				GCC_NO_COMMON_BLOCKS = YES;
				GCC_WARN_64_TO_32_BIT_CONVERSION = YES;
				GCC_WARN_ABOUT_RETURN_TYPE = YES_ERROR;
				GCC_WARN_UNDECLARED_SELECTOR = YES;
				GCC_WARN_UNINITIALIZED_AUTOS = YES_AGGRESSIVE;
				GCC_WARN_UNUSED_FUNCTION = YES;
				GCC_WARN_UNUSED_VARIABLE = YES;
				IPHONEOS_DEPLOYMENT_TARGET = 9.2;
				MTL_ENABLE_DEBUG_INFO = NO;
				SDKROOT = iphoneos;
				VALIDATE_PRODUCT = YES;
			};
			name = Release;
		};
		4C30FB0A1C936172008C3331 /* Debug */ = {
			isa = XCBuildConfiguration;
			buildSettings = {
				ASSETCATALOG_COMPILER_APPICON_NAME = AppIcon;
				INFOPLIST_FILE = GitHubClientChallenge/Info.plist;
				LD_RUNPATH_SEARCH_PATHS = "$(inherited) @executable_path/Frameworks";
				PRODUCT_BUNDLE_IDENTIFIER = com.codertrix.GitHubClientChallenge;
				PRODUCT_NAME = "$(TARGET_NAME)";
			};
			name = Debug;
		};
		4C30FB0B1C936172008C3331 /* Release */ = {
			isa = XCBuildConfiguration;
			buildSettings = {
				ASSETCATALOG_COMPILER_APPICON_NAME = AppIcon;
				INFOPLIST_FILE = GitHubClientChallenge/Info.plist;
				LD_RUNPATH_SEARCH_PATHS = "$(inherited) @executable_path/Frameworks";
				PRODUCT_BUNDLE_IDENTIFIER = com.codertrix.GitHubClientChallenge;
				PRODUCT_NAME = "$(TARGET_NAME)";
			};
			name = Release;
		};
/* End XCBuildConfiguration section */

/* Begin XCConfigurationList section */
		4C30FAE71C936171008C3331 /* Build configuration list for PBXProject "GitHubClientChallenge" */ = {
			isa = XCConfigurationList;
			buildConfigurations = (
				4C30FB071C936172008C3331 /* Debug */,
				4C30FB081C936172008C3331 /* Release */,
			);
			defaultConfigurationIsVisible = 0;
			defaultConfigurationName = Release;
		};
		4C30FB091C936172008C3331 /* Build configuration list for PBXNativeTarget "GitHubClientChallenge" */ = {
			isa = XCConfigurationList;
			buildConfigurations = (
				4C30FB0A1C936172008C3331 /* Debug */,
				4C30FB0B1C936172008C3331 /* Release */,
			);
			defaultConfigurationIsVisible = 0;
			defaultConfigurationName = Release;
		};
/* End XCConfigurationList section */
	};
	rootObject = 4C30FAE41C936171008C3331 /* Project object */;
}
