// !$*UTF8*$!
{
	archiveVersion = 1;
	classes = {
	};
	objectVersion = 46;
	objects = {

/* Begin PBXBuildFile section */
		28DC989E1C9044CD000E23D5 /* AppDelegate.swift in Sources */ = {isa = PBXBuildFile; fileRef = 28DC989D1C9044CD000E23D5 /* AppDelegate.swift */; };
		28DC98A01C9044CD000E23D5 /* ViewController.swift in Sources */ = {isa = PBXBuildFile; fileRef = 28DC989F1C9044CD000E23D5 /* ViewController.swift */; };
		28DC98A51C9044CD000E23D5 /* Assets.xcassets in Resources */ = {isa = PBXBuildFile; fileRef = 28DC98A41C9044CD000E23D5 /* Assets.xcassets */; };
		28DC98A81C9044CD000E23D5 /* LaunchScreen.storyboard in Resources */ = {isa = PBXBuildFile; fileRef = 28DC98A61C9044CD000E23D5 /* LaunchScreen.storyboard */; };
		28DC98B31C9044CD000E23D5 /* BenTests.swift in Sources */ = {isa = PBXBuildFile; fileRef = 28DC98B21C9044CD000E23D5 /* BenTests.swift */; };
/* End PBXBuildFile section */

/* Begin PBXContainerItemProxy section */
		28DC98AF1C9044CD000E23D5 /* PBXContainerItemProxy */ = {
			isa = PBXContainerItemProxy;
			containerPortal = 28DC98921C9044CD000E23D5 /* Project object */;
			proxyType = 1;
			remoteGlobalIDString = 28DC98991C9044CD000E23D5;
			remoteInfo = Ben;
		};
/* End PBXContainerItemProxy section */

/* Begin PBXFileReference section */
		28DC989A1C9044CD000E23D5 /* Ben.app */ = {isa = PBXFileReference; explicitFileType = wrapper.application; includeInIndex = 0; path = Ben.app; sourceTree = BUILT_PRODUCTS_DIR; };
		28DC989D1C9044CD000E23D5 /* AppDelegate.swift */ = {isa = PBXFileReference; lastKnownFileType = sourcecode.swift; path = AppDelegate.swift; sourceTree = "<group>"; };
		28DC989F1C9044CD000E23D5 /* ViewController.swift */ = {isa = PBXFileReference; lastKnownFileType = sourcecode.swift; path = ViewController.swift; sourceTree = "<group>"; };
		28DC98A41C9044CD000E23D5 /* Assets.xcassets */ = {isa = PBXFileReference; lastKnownFileType = folder.assetcatalog; path = Assets.xcassets; sourceTree = "<group>"; };
		28DC98A71C9044CD000E23D5 /* Base */ = {isa = PBXFileReference; lastKnownFileType = file.storyboard; name = Base; path = Base.lproj/LaunchScreen.storyboard; sourceTree = "<group>"; };
		28DC98A91C9044CD000E23D5 /* Info.plist */ = {isa = PBXFileReference; lastKnownFileType = text.plist.xml; path = Info.plist; sourceTree = "<group>"; };
		28DC98AE1C9044CD000E23D5 /* BenTests.xctest */ = {isa = PBXFileReference; explicitFileType = wrapper.cfbundle; includeInIndex = 0; path = BenTests.xctest; sourceTree = BUILT_PRODUCTS_DIR; };
		28DC98B21C9044CD000E23D5 /* BenTests.swift */ = {isa = PBXFileReference; lastKnownFileType = sourcecode.swift; path = BenTests.swift; sourceTree = "<group>"; };
		28DC98B41C9044CD000E23D5 /* Info.plist */ = {isa = PBXFileReference; lastKnownFileType = text.plist.xml; path = Info.plist; sourceTree = "<group>"; };
/* End PBXFileReference section */

/* Begin PBXFrameworksBuildPhase section */
		28DC98971C9044CD000E23D5 /* Frameworks */ = {
			isa = PBXFrameworksBuildPhase;
			buildActionMask = 2147483647;
			files = (
			);
			runOnlyForDeploymentPostprocessing = 0;
		};
		28DC98AB1C9044CD000E23D5 /* Frameworks */ = {
			isa = PBXFrameworksBuildPhase;
			buildActionMask = 2147483647;
			files = (
			);
			runOnlyForDeploymentPostprocessing = 0;
		};
/* End PBXFrameworksBuildPhase section */

/* Begin PBXGroup section */
		28DC98911C9044CD000E23D5 = {
			isa = PBXGroup;
			children = (
				28DC989C1C9044CD000E23D5 /* Ben */,
				28DC98B11C9044CD000E23D5 /* BenTests */,
				28DC989B1C9044CD000E23D5 /* Products */,
			);
			sourceTree = "<group>";
		};
		28DC989B1C9044CD000E23D5 /* Products */ = {
			isa = PBXGroup;
			children = (
				28DC989A1C9044CD000E23D5 /* Ben.app */,
				28DC98AE1C9044CD000E23D5 /* BenTests.xctest */,
			);
			name = Products;
			sourceTree = "<group>";
		};
		28DC989C1C9044CD000E23D5 /* Ben */ = {
			isa = PBXGroup;
			children = (
				28DC989D1C9044CD000E23D5 /* AppDelegate.swift */,
				28DC989F1C9044CD000E23D5 /* ViewController.swift */,
				28DC98A41C9044CD000E23D5 /* Assets.xcassets */,
				28DC98A61C9044CD000E23D5 /* LaunchScreen.storyboard */,
				28DC98A91C9044CD000E23D5 /* Info.plist */,
			);
			path = Ben;
			sourceTree = "<group>";
		};
		28DC98B11C9044CD000E23D5 /* BenTests */ = {
			isa = PBXGroup;
			children = (
				28DC98B21C9044CD000E23D5 /* BenTests.swift */,
				28DC98B41C9044CD000E23D5 /* Info.plist */,
			);
			path = BenTests;
			sourceTree = "<group>";
		};
/* End PBXGroup section */

/* Begin PBXNativeTarget section */
		28DC98991C9044CD000E23D5 /* Ben */ = {
			isa = PBXNativeTarget;
			buildConfigurationList = 28DC98B71C9044CD000E23D5 /* Build configuration list for PBXNativeTarget "Ben" */;
			buildPhases = (
				28DC98961C9044CD000E23D5 /* Sources */,
				28DC98971C9044CD000E23D5 /* Frameworks */,
				28DC98981C9044CD000E23D5 /* Resources */,
			);
			buildRules = (
			);
			dependencies = (
			);
			name = Ben;
			productName = Ben;
			productReference = 28DC989A1C9044CD000E23D5 /* Ben.app */;
			productType = "com.apple.product-type.application";
		};
		28DC98AD1C9044CD000E23D5 /* BenTests */ = {
			isa = PBXNativeTarget;
			buildConfigurationList = 28DC98BA1C9044CD000E23D5 /* Build configuration list for PBXNativeTarget "BenTests" */;
			buildPhases = (
				28DC98AA1C9044CD000E23D5 /* Sources */,
				28DC98AB1C9044CD000E23D5 /* Frameworks */,
				28DC98AC1C9044CD000E23D5 /* Resources */,
			);
			buildRules = (
			);
			dependencies = (
				28DC98B01C9044CD000E23D5 /* PBXTargetDependency */,
			);
			name = BenTests;
			productName = BenTests;
			productReference = 28DC98AE1C9044CD000E23D5 /* BenTests.xctest */;
			productType = "com.apple.product-type.bundle.unit-test";
		};
/* End PBXNativeTarget section */

/* Begin PBXProject section */
		28DC98921C9044CD000E23D5 /* Project object */ = {
			isa = PBXProject;
			attributes = {
				LastSwiftUpdateCheck = 0720;
				LastUpgradeCheck = 0720;
				ORGANIZATIONNAME = "Benjamin Herzog";
				TargetAttributes = {
					28DC98991C9044CD000E23D5 = {
						CreatedOnToolsVersion = 7.2.1;
					};
					28DC98AD1C9044CD000E23D5 = {
						CreatedOnToolsVersion = 7.2.1;
						TestTargetID = 28DC98991C9044CD000E23D5;
					};
				};
			};
			buildConfigurationList = 28DC98951C9044CD000E23D5 /* Build configuration list for PBXProject "Ben" */;
			compatibilityVersion = "Xcode 3.2";
			developmentRegion = English;
			hasScannedForEncodings = 0;
			knownRegions = (
				en,
				Base,
			);
			mainGroup = 28DC98911C9044CD000E23D5;
			productRefGroup = 28DC989B1C9044CD000E23D5 /* Products */;
			projectDirPath = "";
			projectRoot = "";
			targets = (
				28DC98991C9044CD000E23D5 /* Ben */,
				28DC98AD1C9044CD000E23D5 /* BenTests */,
			);
		};
/* End PBXProject section */

/* Begin PBXResourcesBuildPhase section */
		28DC98981C9044CD000E23D5 /* Resources */ = {
			isa = PBXResourcesBuildPhase;
			buildActionMask = 2147483647;
			files = (
				28DC98A81C9044CD000E23D5 /* LaunchScreen.storyboard in Resources */,
				28DC98A51C9044CD000E23D5 /* Assets.xcassets in Resources */,
			);
			runOnlyForDeploymentPostprocessing = 0;
		};
		28DC98AC1C9044CD000E23D5 /* Resources */ = {
			isa = PBXResourcesBuildPhase;
			buildActionMask = 2147483647;
			files = (
			);
			runOnlyForDeploymentPostprocessing = 0;
		};
/* End PBXResourcesBuildPhase section */

/* Begin PBXSourcesBuildPhase section */
		28DC98961C9044CD000E23D5 /* Sources */ = {
			isa = PBXSourcesBuildPhase;
			buildActionMask = 2147483647;
			files = (
				28DC98A01C9044CD000E23D5 /* ViewController.swift in Sources */,
				28DC989E1C9044CD000E23D5 /* AppDelegate.swift in Sources */,
			);
			runOnlyForDeploymentPostprocessing = 0;
		};
		28DC98AA1C9044CD000E23D5 /* Sources */ = {
			isa = PBXSourcesBuildPhase;
			buildActionMask = 2147483647;
			files = (
				28DC98B31C9044CD000E23D5 /* BenTests.swift in Sources */,
			);
			runOnlyForDeploymentPostprocessing = 0;
		};
/* End PBXSourcesBuildPhase section */

/* Begin PBXTargetDependency section */
		28DC98B01C9044CD000E23D5 /* PBXTargetDependency */ = {
			isa = PBXTargetDependency;
			target = 28DC98991C9044CD000E23D5 /* Ben */;
			targetProxy = 28DC98AF1C9044CD000E23D5 /* PBXContainerItemProxy */;
		};
/* End PBXTargetDependency section */

/* Begin PBXVariantGroup section */
		28DC98A61C9044CD000E23D5 /* LaunchScreen.storyboard */ = {
			isa = PBXVariantGroup;
			children = (
				28DC98A71C9044CD000E23D5 /* Base */,
			);
			name = LaunchScreen.storyboard;
			sourceTree = "<group>";
		};
/* End PBXVariantGroup section */

/* Begin XCBuildConfiguration section */
		28DC98B51C9044CD000E23D5 /* Debug */ = {
			isa = XCBuildConfiguration;
			buildSettings = {
				ALWAYS_SEARCH_USER_PATHS = NO;
				CLANG_CXX_LANGUAGE_STANDARD = "gnu++0x";
				CLANG_CXX_LIBRARY = "libc++";
				CLANG_ENABLE_MODULES = YES;
				CLANG_ENABLE_OBJC_ARC = YES;
				CLANG_WARN_BOOL_CONVERSION = YES;
				CLANG_WARN_CONSTANT_CONVERSION = YES;
				CLANG_WARN_DIRECT_OBJC_ISA_USAGE = YES_ERROR;
				CLANG_WARN_EMPTY_BODY = YES;
				CLANG_WARN_ENUM_CONVERSION = YES;
				CLANG_WARN_INT_CONVERSION = YES;
				CLANG_WARN_OBJC_ROOT_CLASS = YES_ERROR;
				CLANG_WARN_UNREACHABLE_CODE = YES;
				CLANG_WARN__DUPLICATE_METHOD_MATCH = YES;
				"CODE_SIGN_IDENTITY[sdk=iphoneos*]" = "iPhone Developer";
				COPY_PHASE_STRIP = NO;
				DEBUG_INFORMATION_FORMAT = dwarf;
				ENABLE_STRICT_OBJC_MSGSEND = YES;
				ENABLE_TESTABILITY = YES;
				GCC_C_LANGUAGE_STANDARD = gnu99;
				GCC_DYNAMIC_NO_PIC = NO;
				GCC_NO_COMMON_BLOCKS = YES;
				GCC_OPTIMIZATION_LEVEL = 0;
				GCC_PREPROCESSOR_DEFINITIONS = (
					"DEBUG=1",
					"$(inherited)",
				);
				GCC_WARN_64_TO_32_BIT_CONVERSION = YES;
				GCC_WARN_ABOUT_RETURN_TYPE = YES_ERROR;
				GCC_WARN_UNDECLARED_SELECTOR = YES;
				GCC_WARN_UNINITIALIZED_AUTOS = YES_AGGRESSIVE;
				GCC_WARN_UNUSED_FUNCTION = YES;
				GCC_WARN_UNUSED_VARIABLE = YES;
				IPHONEOS_DEPLOYMENT_TARGET = 9.2;
				MTL_ENABLE_DEBUG_INFO = YES;
				ONLY_ACTIVE_ARCH = YES;
				SDKROOT = iphoneos;
				SWIFT_OPTIMIZATION_LEVEL = "-Onone";
				TARGETED_DEVICE_FAMILY = "1,2";
			};
			name = Debug;
		};
		28DC98B61C9044CD000E23D5 /* Release */ = {
			isa = XCBuildConfiguration;
			buildSettings = {
				ALWAYS_SEARCH_USER_PATHS = NO;
				CLANG_CXX_LANGUAGE_STANDARD = "gnu++0x";
				CLANG_CXX_LIBRARY = "libc++";
				CLANG_ENABLE_MODULES = YES;
				CLANG_ENABLE_OBJC_ARC = YES;
				CLANG_WARN_BOOL_CONVERSION = YES;
				CLANG_WARN_CONSTANT_CONVERSION = YES;
				CLANG_WARN_DIRECT_OBJC_ISA_USAGE = YES_ERROR;
				CLANG_WARN_EMPTY_BODY = YES;
				CLANG_WARN_ENUM_CONVERSION = YES;
				CLANG_WARN_INT_CONVERSION = YES;
				CLANG_WARN_OBJC_ROOT_CLASS = YES_ERROR;
				CLANG_WARN_UNREACHABLE_CODE = YES;
				CLANG_WARN__DUPLICATE_METHOD_MATCH = YES;
				"CODE_SIGN_IDENTITY[sdk=iphoneos*]" = "iPhone Developer";
				COPY_PHASE_STRIP = NO;
				DEBUG_INFORMATION_FORMAT = "dwarf-with-dsym";
				ENABLE_NS_ASSERTIONS = NO;
				ENABLE_STRICT_OBJC_MSGSEND = YES;
				GCC_C_LANGUAGE_STANDARD = gnu99;
				GCC_NO_COMMON_BLOCKS = YES;
				GCC_WARN_64_TO_32_BIT_CONVERSION = YES;
				GCC_WARN_ABOUT_RETURN_TYPE = YES_ERROR;
				GCC_WARN_UNDECLARED_SELECTOR = YES;
				GCC_WARN_UNINITIALIZED_AUTOS = YES_AGGRESSIVE;
				GCC_WARN_UNUSED_FUNCTION = YES;
				GCC_WARN_UNUSED_VARIABLE = YES;
				IPHONEOS_DEPLOYMENT_TARGET = 9.2;
				MTL_ENABLE_DEBUG_INFO = NO;
				SDKROOT = iphoneos;
				TARGETED_DEVICE_FAMILY = "1,2";
				VALIDATE_PRODUCT = YES;
			};
			name = Release;
		};
		28DC98B81C9044CD000E23D5 /* Debug */ = {
			isa = XCBuildConfiguration;
			buildSettings = {
				ASSETCATALOG_COMPILER_APPICON_NAME = AppIcon;
				INFOPLIST_FILE = Ben/Info.plist;
				LD_RUNPATH_SEARCH_PATHS = "$(inherited) @executable_path/Frameworks";
				PRODUCT_BUNDLE_IDENTIFIER = de.benchr.Ben;
				PRODUCT_NAME = "$(TARGET_NAME)";
			};
			name = Debug;
		};
		28DC98B91C9044CD000E23D5 /* Release */ = {
			isa = XCBuildConfiguration;
			buildSettings = {
				ASSETCATALOG_COMPILER_APPICON_NAME = AppIcon;
				INFOPLIST_FILE = Ben/Info.plist;
				LD_RUNPATH_SEARCH_PATHS = "$(inherited) @executable_path/Frameworks";
				PRODUCT_BUNDLE_IDENTIFIER = de.benchr.Ben;
				PRODUCT_NAME = "$(TARGET_NAME)";
			};
			name = Release;
		};
		28DC98BB1C9044CD000E23D5 /* Debug */ = {
			isa = XCBuildConfiguration;
			buildSettings = {
				BUNDLE_LOADER = "$(TEST_HOST)";
				INFOPLIST_FILE = BenTests/Info.plist;
				LD_RUNPATH_SEARCH_PATHS = "$(inherited) @executable_path/Frameworks @loader_path/Frameworks";
				PRODUCT_BUNDLE_IDENTIFIER = de.benchr.BenTests;
				PRODUCT_NAME = "$(TARGET_NAME)";
				TEST_HOST = "$(BUILT_PRODUCTS_DIR)/Ben.app/Ben";
			};
			name = Debug;
		};
		28DC98BC1C9044CD000E23D5 /* Release */ = {
			isa = XCBuildConfiguration;
			buildSettings = {
				BUNDLE_LOADER = "$(TEST_HOST)";
				INFOPLIST_FILE = BenTests/Info.plist;
				LD_RUNPATH_SEARCH_PATHS = "$(inherited) @executable_path/Frameworks @loader_path/Frameworks";
				PRODUCT_BUNDLE_IDENTIFIER = de.benchr.BenTests;
				PRODUCT_NAME = "$(TARGET_NAME)";
				TEST_HOST = "$(BUILT_PRODUCTS_DIR)/Ben.app/Ben";
			};
			name = Release;
		};
/* End XCBuildConfiguration section */

/* Begin XCConfigurationList section */
		28DC98951C9044CD000E23D5 /* Build configuration list for PBXProject "Ben" */ = {
			isa = XCConfigurationList;
			buildConfigurations = (
				28DC98B51C9044CD000E23D5 /* Debug */,
				28DC98B61C9044CD000E23D5 /* Release */,
			);
			defaultConfigurationIsVisible = 0;
			defaultConfigurationName = Release;
		};
		28DC98B71C9044CD000E23D5 /* Build configuration list for PBXNativeTarget "Ben" */ = {
			isa = XCConfigurationList;
			buildConfigurations = (
				28DC98B81C9044CD000E23D5 /* Debug */,
				28DC98B91C9044CD000E23D5 /* Release */,
			);
			defaultConfigurationIsVisible = 0;
		};
		28DC98BA1C9044CD000E23D5 /* Build configuration list for PBXNativeTarget "BenTests" */ = {
			isa = XCConfigurationList;
			buildConfigurations = (
				28DC98BB1C9044CD000E23D5 /* Debug */,
				28DC98BC1C9044CD000E23D5 /* Release */,
			);
			defaultConfigurationIsVisible = 0;
		};
/* End XCConfigurationList section */
	};
	rootObject = 28DC98921C9044CD000E23D5 /* Project object */;
}
